
Microsoft Visual Studio Solution File, Format Version 12.00
# Visual Studio Version 17
VisualStudioVersion = 17.1.32228.430
MinimumVisualStudioVersion = 10.0.40219.1
Project("{FAE04EC0-301F-11D3-BF4B-00C04F79EFBC}") = "AsyncAwaitTest", "AsyncAwaitTest\AsyncAwaitTest.csproj", "{418A1F5A-3498-4531-99C4-9CCE67C00FC1}"
EndProject
Global
	GlobalSection(SolutionConfigurationPlatforms) = preSolution
		Debug|Any CPU = Debug|Any CPU
		Release|Any CPU = Release|Any CPU
	EndGlobalSection
	GlobalSection(ProjectConfigurationPlatforms) = postSolution
		{418A1F5A-3498-4531-99C4-9CCE67C00FC1}.Debug|Any CPU.ActiveCfg = Debug|Any CPU
		{418A1F5A-3498-4531-99C4-9CCE67C00FC1}.Debug|Any CPU.Build.0 = Debug|Any CPU
		{418A1F5A-3498-4531-99C4-9CCE67C00FC1}.Release|Any CPU.ActiveCfg = Release|Any CPU
		{418A1F5A-3498-4531-99C4-9CCE67C00FC1}.Release|Any CPU.Build.0 = Release|Any CPU
	EndGlobalSection
	GlobalSection(SolutionProperties) = preSolution
		HideSolutionNode = FALSE
	EndGlobalSection
	GlobalSection(ExtensibilityGlobals) = postSolution
		SolutionGuid = {A74FDF5E-47AF-4D03-8668-580352ABBB77}
	EndGlobalSection
EndGlobal
